
Microsoft Visual Studio Solution File, Format Version 12.00
# Visual Studio Version 17
VisualStudioVersion = 17.3.32929.385
MinimumVisualStudioVersion = 10.0.40219.1
Project("{888888A0-9F3D-457C-B088-3A5042F75D52}") = "Phase2", "Phase2.pyproj", "{067BB553-376B-46BE-8DD4-AB4590B628E5}"
EndProject
Global
	GlobalSection(SolutionConfigurationPlatforms) = preSolution
		Debug|Any CPU = Debug|Any CPU
		Release|Any CPU = Release|Any CPU
	EndGlobalSection
	GlobalSection(ProjectConfigurationPlatforms) = postSolution
		{067BB553-376B-46BE-8DD4-AB4590B628E5}.Debug|Any CPU.ActiveCfg = Debug|Any CPU
		{067BB553-376B-46BE-8DD4-AB4590B628E5}.Release|Any CPU.ActiveCfg = Release|Any CPU
	EndGlobalSection
	GlobalSection(SolutionProperties) = preSolution
		HideSolutionNode = FALSE
	EndGlobalSection
	GlobalSection(ExtensibilityGlobals) = postSolution
		SolutionGuid = {E6A99E16-3120-43D9-A6B8-594F1E422A9B}
	EndGlobalSection
EndGlobal
